
Microsoft Visual Studio Solution File, Format Version 12.00
# Visual Studio Version 16
VisualStudioVersion = 16.0.30320.27
MinimumVisualStudioVersion = 10.0.40219.1
Project("{FAE04EC0-301F-11D3-BF4B-00C04F79EFBC}") = "B2DriverLicense.API", "B2DriverLicense.API\B2DriverLicense.API.csproj", "{C66BDD0D-AA55-44B2-929D-D8A5E3EFB8C8}"
EndProject
Project("{FAE04EC0-301F-11D3-BF4B-00C04F79EFBC}") = "B2DriverLicense.Core", "B2DriverLicense.Core\B2DriverLicense.Core.csproj", "{92D774FC-49FB-41DA-BAB6-2C7988639CED}"
EndProject
Project("{FAE04EC0-301F-11D3-BF4B-00C04F79EFBC}") = "B2DriverLicense.Service", "B2DriverLicense.Service\B2DriverLicense.Service.csproj", "{1B83DAAA-9B7B-4CBC-9BBA-CA691DA86D91}"
EndProject
Project("{FAE04EC0-301F-11D3-BF4B-00C04F79EFBC}") = "B2DriverLicense.AppCrawler", "B2DriverLicense.Crawler\B2DriverLicense.AppCrawler.csproj", "{F814FBA1-94EC-49E9-A24D-44FBC88D6856}"
EndProject
Global
	GlobalSection(SolutionConfigurationPlatforms) = preSolution
		Debug|Any CPU = Debug|Any CPU
		Release|Any CPU = Release|Any CPU
	EndGlobalSection
	GlobalSection(ProjectConfigurationPlatforms) = postSolution
		{C66BDD0D-AA55-44B2-929D-D8A5E3EFB8C8}.Debug|Any CPU.ActiveCfg = Debug|Any CPU
		{C66BDD0D-AA55-44B2-929D-D8A5E3EFB8C8}.Debug|Any CPU.Build.0 = Debug|Any CPU
		{C66BDD0D-AA55-44B2-929D-D8A5E3EFB8C8}.Release|Any CPU.ActiveCfg = Release|Any CPU
		{C66BDD0D-AA55-44B2-929D-D8A5E3EFB8C8}.Release|Any CPU.Build.0 = Release|Any CPU
		{92D774FC-49FB-41DA-BAB6-2C7988639CED}.Debug|Any CPU.ActiveCfg = Debug|Any CPU
		{92D774FC-49FB-41DA-BAB6-2C7988639CED}.Debug|Any CPU.Build.0 = Debug|Any CPU
		{92D774FC-49FB-41DA-BAB6-2C7988639CED}.Release|Any CPU.ActiveCfg = Release|Any CPU
		{92D774FC-49FB-41DA-BAB6-2C7988639CED}.Release|Any CPU.Build.0 = Release|Any CPU
		{1B83DAAA-9B7B-4CBC-9BBA-CA691DA86D91}.Debug|Any CPU.ActiveCfg = Debug|Any CPU
		{1B83DAAA-9B7B-4CBC-9BBA-CA691DA86D91}.Debug|Any CPU.Build.0 = Debug|Any CPU
		{1B83DAAA-9B7B-4CBC-9BBA-CA691DA86D91}.Release|Any CPU.ActiveCfg = Release|Any CPU
		{1B83DAAA-9B7B-4CBC-9BBA-CA691DA86D91}.Release|Any CPU.Build.0 = Release|Any CPU
		{F814FBA1-94EC-49E9-A24D-44FBC88D6856}.Debug|Any CPU.ActiveCfg = Debug|Any CPU
		{F814FBA1-94EC-49E9-A24D-44FBC88D6856}.Debug|Any CPU.Build.0 = Debug|Any CPU
		{F814FBA1-94EC-49E9-A24D-44FBC88D6856}.Release|Any CPU.ActiveCfg = Release|Any CPU
		{F814FBA1-94EC-49E9-A24D-44FBC88D6856}.Release|Any CPU.Build.0 = Release|Any CPU
	EndGlobalSection
	GlobalSection(SolutionProperties) = preSolution
		HideSolutionNode = FALSE
	EndGlobalSection
	GlobalSection(ExtensibilityGlobals) = postSolution
		SolutionGuid = {623DFE58-D075-4085-B1F0-0B288EA58EB2}
	EndGlobalSection
EndGlobal
